
Microsoft Visual Studio Solution File, Format Version 12.00
Project("{FAE04EC0-301F-11D3-BF4B-00C04F79EFBC}") = "DetectiveSpecs", "DetectiveSpecs\DetectiveSpecs.csproj", "{238F5CF5-946C-4EC5-8384-26BF1C08211A}"
EndProject
Global
	GlobalSection(SolutionConfigurationPlatforms) = preSolution
		Debug|Any CPU = Debug|Any CPU
		Release|Any CPU = Release|Any CPU
	EndGlobalSection
	GlobalSection(ProjectConfigurationPlatforms) = postSolution
		{238F5CF5-946C-4EC5-8384-26BF1C08211A}.Debug|Any CPU.ActiveCfg = Debug|Any CPU
		{238F5CF5-946C-4EC5-8384-26BF1C08211A}.Debug|Any CPU.Build.0 = Debug|Any CPU
		{238F5CF5-946C-4EC5-8384-26BF1C08211A}.Release|Any CPU.ActiveCfg = Release|Any CPU
		{238F5CF5-946C-4EC5-8384-26BF1C08211A}.Release|Any CPU.Build.0 = Release|Any CPU
	EndGlobalSection
EndGlobal
